
Microsoft Visual Studio Solution File, Format Version 12.00
# Visual Studio 15
VisualStudioVersion = 15.0.27428.2037
MinimumVisualStudioVersion = 10.0.40219.1
Project("{FAE04EC0-301F-11D3-BF4B-00C04F79EFBC}") = "proyecto_nuevo", "proyecto_nuevo\proyecto_nuevo.csproj", "{DCF50AAD-7C5C-4EA9-9E74-2BEB1BDF72DC}"
EndProject
Global
	GlobalSection(SolutionConfigurationPlatforms) = preSolution
		Debug|Any CPU = Debug|Any CPU
		Release|Any CPU = Release|Any CPU
	EndGlobalSection
	GlobalSection(ProjectConfigurationPlatforms) = postSolution
		{DCF50AAD-7C5C-4EA9-9E74-2BEB1BDF72DC}.Debug|Any CPU.ActiveCfg = Debug|Any CPU
		{DCF50AAD-7C5C-4EA9-9E74-2BEB1BDF72DC}.Debug|Any CPU.Build.0 = Debug|Any CPU
		{DCF50AAD-7C5C-4EA9-9E74-2BEB1BDF72DC}.Release|Any CPU.ActiveCfg = Release|Any CPU
		{DCF50AAD-7C5C-4EA9-9E74-2BEB1BDF72DC}.Release|Any CPU.Build.0 = Release|Any CPU
	EndGlobalSection
	GlobalSection(SolutionProperties) = preSolution
		HideSolutionNode = FALSE
	EndGlobalSection
	GlobalSection(ExtensibilityGlobals) = postSolution
		SolutionGuid = {D16BB49D-6506-4B59-9CB0-1A5A8E2A5F43}
	EndGlobalSection
EndGlobal
